
Microsoft Visual Studio Solution File, Format Version 12.00
# Visual Studio Version 17
VisualStudioVersion = 17.11.35222.181
MinimumVisualStudioVersion = 10.0.40219.1
Project("{FAE04EC0-301F-11D3-BF4B-00C04F79EFBC}") = "Introduction.WebAPI", "Introduction.WebAPI\Introduction.WebAPI.csproj", "{DDE95BFF-933A-4854-A5DE-9306F0BEBC9B}"
EndProject
Global
	GlobalSection(SolutionConfigurationPlatforms) = preSolution
		Debug|Any CPU = Debug|Any CPU
		Release|Any CPU = Release|Any CPU
	EndGlobalSection
	GlobalSection(ProjectConfigurationPlatforms) = postSolution
		{DDE95BFF-933A-4854-A5DE-9306F0BEBC9B}.Debug|Any CPU.ActiveCfg = Debug|Any CPU
		{DDE95BFF-933A-4854-A5DE-9306F0BEBC9B}.Debug|Any CPU.Build.0 = Debug|Any CPU
		{DDE95BFF-933A-4854-A5DE-9306F0BEBC9B}.Release|Any CPU.ActiveCfg = Release|Any CPU
		{DDE95BFF-933A-4854-A5DE-9306F0BEBC9B}.Release|Any CPU.Build.0 = Release|Any CPU
	EndGlobalSection
	GlobalSection(SolutionProperties) = preSolution
		HideSolutionNode = FALSE
	EndGlobalSection
	GlobalSection(ExtensibilityGlobals) = postSolution
		SolutionGuid = {820D2901-95F3-4390-9286-E73895579B10}
	EndGlobalSection
EndGlobal
